
Microsoft Visual Studio Solution File, Format Version 11.00
# Visual Studio 10
Project("{FAE04EC0-301F-11D3-BF4B-00C04F79EFBC}") = "Braindrops.DiscoveringEF", "Braindrops.DiscoveringEF.csproj", "{1A75A601-0DC9-49A7-AA6E-2DD0BE42769A}"
EndProject
Global
	GlobalSection(SolutionConfigurationPlatforms) = preSolution
		Debug|Any CPU = Debug|Any CPU
		Release|Any CPU = Release|Any CPU
	EndGlobalSection
	GlobalSection(ProjectConfigurationPlatforms) = postSolution
		{1A75A601-0DC9-49A7-AA6E-2DD0BE42769A}.Debug|Any CPU.ActiveCfg = Debug|Any CPU
		{1A75A601-0DC9-49A7-AA6E-2DD0BE42769A}.Debug|Any CPU.Build.0 = Debug|Any CPU
		{1A75A601-0DC9-49A7-AA6E-2DD0BE42769A}.Release|Any CPU.ActiveCfg = Release|Any CPU
		{1A75A601-0DC9-49A7-AA6E-2DD0BE42769A}.Release|Any CPU.Build.0 = Release|Any CPU
	EndGlobalSection
	GlobalSection(SolutionProperties) = preSolution
		HideSolutionNode = FALSE
	EndGlobalSection
EndGlobal
